
Microsoft Visual Studio Solution File, Format Version 12.00
# Visual Studio Version 17
VisualStudioVersion = 17.5.33530.505
MinimumVisualStudioVersion = 10.0.40219.1
Project("{2150E333-8FDC-42A3-9474-1A3956D46DE8}") = "Services", "Services", "{F2CD95DD-1770-4915-8506-BB4F9B027538}"
EndProject
Project("{2150E333-8FDC-42A3-9474-1A3956D46DE8}") = "Catalog", "Catalog", "{89FE7397-EE52-4B38-A0A5-51ADCF9C61BE}"
EndProject
Project("{FAE04EC0-301F-11D3-BF4B-00C04F79EFBC}") = "Catalog.API", "Services\Catalog\Catalog.API\Catalog.API.csproj", "{A70F1601-8B7B-478E-838E-1F26F062519E}"
EndProject
Global
	GlobalSection(SolutionConfigurationPlatforms) = preSolution
		Debug|Any CPU = Debug|Any CPU
		Release|Any CPU = Release|Any CPU
	EndGlobalSection
	GlobalSection(ProjectConfigurationPlatforms) = postSolution
		{A70F1601-8B7B-478E-838E-1F26F062519E}.Debug|Any CPU.ActiveCfg = Debug|Any CPU
		{A70F1601-8B7B-478E-838E-1F26F062519E}.Debug|Any CPU.Build.0 = Debug|Any CPU
		{A70F1601-8B7B-478E-838E-1F26F062519E}.Release|Any CPU.ActiveCfg = Release|Any CPU
		{A70F1601-8B7B-478E-838E-1F26F062519E}.Release|Any CPU.Build.0 = Release|Any CPU
	EndGlobalSection
	GlobalSection(SolutionProperties) = preSolution
		HideSolutionNode = FALSE
	EndGlobalSection
	GlobalSection(NestedProjects) = preSolution
		{89FE7397-EE52-4B38-A0A5-51ADCF9C61BE} = {F2CD95DD-1770-4915-8506-BB4F9B027538}
		{A70F1601-8B7B-478E-838E-1F26F062519E} = {89FE7397-EE52-4B38-A0A5-51ADCF9C61BE}
	EndGlobalSection
	GlobalSection(ExtensibilityGlobals) = postSolution
		SolutionGuid = {54FD7797-DC8E-455C-B3C8-4B587973A380}
	EndGlobalSection
EndGlobal
