
Microsoft Visual Studio Solution File, Format Version 12.00
# Visual Studio Version 17
VisualStudioVersion = 17.7.34031.279
MinimumVisualStudioVersion = 10.0.40219.1
Project("{FAE04EC0-301F-11D3-BF4B-00C04F79EFBC}") = "PlatformService", "PlatformService\PlatformService.csproj", "{B3753907-0A72-4A6A-8869-E2DE633BAB06}"
EndProject
Project("{FAE04EC0-301F-11D3-BF4B-00C04F79EFBC}") = "CommandsService", "CommandsService\CommandsService.csproj", "{3D7F9B18-56E2-4F95-86B6-95081776ECBE}"
EndProject
Global
	GlobalSection(SolutionConfigurationPlatforms) = preSolution
		Debug|Any CPU = Debug|Any CPU
		Release|Any CPU = Release|Any CPU
	EndGlobalSection
	GlobalSection(ProjectConfigurationPlatforms) = postSolution
		{B3753907-0A72-4A6A-8869-E2DE633BAB06}.Debug|Any CPU.ActiveCfg = Debug|Any CPU
		{B3753907-0A72-4A6A-8869-E2DE633BAB06}.Debug|Any CPU.Build.0 = Debug|Any CPU
		{B3753907-0A72-4A6A-8869-E2DE633BAB06}.Release|Any CPU.ActiveCfg = Release|Any CPU
		{B3753907-0A72-4A6A-8869-E2DE633BAB06}.Release|Any CPU.Build.0 = Release|Any CPU
		{3D7F9B18-56E2-4F95-86B6-95081776ECBE}.Debug|Any CPU.ActiveCfg = Debug|Any CPU
		{3D7F9B18-56E2-4F95-86B6-95081776ECBE}.Debug|Any CPU.Build.0 = Debug|Any CPU
		{3D7F9B18-56E2-4F95-86B6-95081776ECBE}.Release|Any CPU.ActiveCfg = Release|Any CPU
		{3D7F9B18-56E2-4F95-86B6-95081776ECBE}.Release|Any CPU.Build.0 = Release|Any CPU
	EndGlobalSection
	GlobalSection(SolutionProperties) = preSolution
		HideSolutionNode = FALSE
	EndGlobalSection
	GlobalSection(ExtensibilityGlobals) = postSolution
		SolutionGuid = {FC94ED0C-E2F5-491E-99C7-D102F00598D3}
	EndGlobalSection
EndGlobal
